
Microsoft Visual Studio Solution File, Format Version 12.00
# Visual Studio 2013
VisualStudioVersion = 12.0.31101.0
MinimumVisualStudioVersion = 10.0.40219.1
Project("{FAE04EC0-301F-11D3-BF4B-00C04F79EFBC}") = "Client", "Client\Client.csproj", "{2059300B-B2E4-4D9F-B355-270AD1F392D8}"
EndProject
Project("{FAE04EC0-301F-11D3-BF4B-00C04F79EFBC}") = "Magnus.Business", "Magnus.Business\Magnus.Business.csproj", "{4CDF87B4-797C-4A3B-9622-498851C730C2}"
EndProject
Global
	GlobalSection(SolutionConfigurationPlatforms) = preSolution
		Debug|Any CPU = Debug|Any CPU
		Release|Any CPU = Release|Any CPU
	EndGlobalSection
	GlobalSection(ProjectConfigurationPlatforms) = postSolution
		{2059300B-B2E4-4D9F-B355-270AD1F392D8}.Debug|Any CPU.ActiveCfg = Debug|Any CPU
		{2059300B-B2E4-4D9F-B355-270AD1F392D8}.Debug|Any CPU.Build.0 = Debug|Any CPU
		{2059300B-B2E4-4D9F-B355-270AD1F392D8}.Release|Any CPU.ActiveCfg = Release|Any CPU
		{2059300B-B2E4-4D9F-B355-270AD1F392D8}.Release|Any CPU.Build.0 = Release|Any CPU
		{4CDF87B4-797C-4A3B-9622-498851C730C2}.Debug|Any CPU.ActiveCfg = Debug|Any CPU
		{4CDF87B4-797C-4A3B-9622-498851C730C2}.Debug|Any CPU.Build.0 = Debug|Any CPU
		{4CDF87B4-797C-4A3B-9622-498851C730C2}.Release|Any CPU.ActiveCfg = Release|Any CPU
		{4CDF87B4-797C-4A3B-9622-498851C730C2}.Release|Any CPU.Build.0 = Release|Any CPU
	EndGlobalSection
	GlobalSection(SolutionProperties) = preSolution
		HideSolutionNode = FALSE
	EndGlobalSection
EndGlobal
